// !$*UTF8*$!
{
	archiveVersion = 1;
	classes = {
	};
	objectVersion = 46;
	objects = {

/* Begin PBXBuildFile section */
		086853AA17D83DE8008290D9 /* UIKit.framework in Frameworks */ = {isa = PBXBuildFile; fileRef = 086853A917D83DE8008290D9 /* UIKit.framework */; };
		086853AC17D83DE8008290D9 /* Foundation.framework in Frameworks */ = {isa = PBXBuildFile; fileRef = 086853AB17D83DE8008290D9 /* Foundation.framework */; };
		086853AE17D83DE8008290D9 /* CoreGraphics.framework in Frameworks */ = {isa = PBXBuildFile; fileRef = 086853AD17D83DE8008290D9 /* CoreGraphics.framework */; };
		086853B417D83DE8008290D9 /* InfoPlist.strings in Resources */ = {isa = PBXBuildFile; fileRef = 086853B217D83DE8008290D9 /* InfoPlist.strings */; };
		086853B617D83DE8008290D9 /* main.m in Sources */ = {isa = PBXBuildFile; fileRef = 086853B517D83DE8008290D9 /* main.m */; };
		086853BA17D83DE8008290D9 /* DemoAppDelegate.m in Sources */ = {isa = PBXBuildFile; fileRef = 086853B917D83DE8008290D9 /* DemoAppDelegate.m */; };
		086853BC17D83DE8008290D9 /* Default.png in Resources */ = {isa = PBXBuildFile; fileRef = 086853BB17D83DE8008290D9 /* Default.png */; };
		086853BE17D83DE8008290D9 /* Default@2x.png in Resources */ = {isa = PBXBuildFile; fileRef = 086853BD17D83DE8008290D9 /* Default@2x.png */; };
		086853C017D83DE8008290D9 /* Default-568h@2x.png in Resources */ = {isa = PBXBuildFile; fileRef = 086853BF17D83DE8008290D9 /* Default-568h@2x.png */; };
		086853C317D83DE8008290D9 /* MainStoryboard_iPhone.storyboard in Resources */ = {isa = PBXBuildFile; fileRef = 086853C117D83DE8008290D9 /* MainStoryboard_iPhone.storyboard */; };
		086853C917D83DE8008290D9 /* DemoViewController.m in Sources */ = {isa = PBXBuildFile; fileRef = 086853C817D83DE8008290D9 /* DemoViewController.m */; };
		086853D117D853D5008290D9 /* yahoo_logo.jpg in Resources */ = {isa = PBXBuildFile; fileRef = 086853D017D853D5008290D9 /* yahoo_logo.jpg */; };
		086853D317D86430008290D9 /* MainStoryboard_iPad.storyboard in Resources */ = {isa = PBXBuildFile; fileRef = 086853D217D86430008290D9 /* MainStoryboard_iPad.storyboard */; };
/* End PBXBuildFile section */

/* Begin PBXFileReference section */
		086853A617D83DE8008290D9 /* Demo.app */ = {isa = PBXFileReference; explicitFileType = wrapper.application; includeInIndex = 0; path = Demo.app; sourceTree = BUILT_PRODUCTS_DIR; };
		086853A917D83DE8008290D9 /* UIKit.framework */ = {isa = PBXFileReference; lastKnownFileType = wrapper.framework; name = UIKit.framework; path = System/Library/Frameworks/UIKit.framework; sourceTree = SDKROOT; };
		086853AB17D83DE8008290D9 /* Foundation.framework */ = {isa = PBXFileReference; lastKnownFileType = wrapper.framework; name = Foundation.framework; path = System/Library/Frameworks/Foundation.framework; sourceTree = SDKROOT; };
		086853AD17D83DE8008290D9 /* CoreGraphics.framework */ = {isa = PBXFileReference; lastKnownFileType = wrapper.framework; name = CoreGraphics.framework; path = System/Library/Frameworks/CoreGraphics.framework; sourceTree = SDKROOT; };
		086853B117D83DE8008290D9 /* Demo-Info.plist */ = {isa = PBXFileReference; lastKnownFileType = text.plist.xml; path = "Demo-Info.plist"; sourceTree = "<group>"; };
		086853B317D83DE8008290D9 /* en */ = {isa = PBXFileReference; lastKnownFileType = text.plist.strings; name = en; path = en.lproj/InfoPlist.strings; sourceTree = "<group>"; };
		086853B517D83DE8008290D9 /* main.m */ = {isa = PBXFileReference; lastKnownFileType = sourcecode.c.objc; path = main.m; sourceTree = "<group>"; };
		086853B717D83DE8008290D9 /* Demo-Prefix.pch */ = {isa = PBXFileReference; lastKnownFileType = sourcecode.c.h; path = "Demo-Prefix.pch"; sourceTree = "<group>"; };
		086853B817D83DE8008290D9 /* DemoAppDelegate.h */ = {isa = PBXFileReference; lastKnownFileType = sourcecode.c.h; path = DemoAppDelegate.h; sourceTree = "<group>"; };
		086853B917D83DE8008290D9 /* DemoAppDelegate.m */ = {isa = PBXFileReference; lastKnownFileType = sourcecode.c.objc; path = DemoAppDelegate.m; sourceTree = "<group>"; };
		086853BB17D83DE8008290D9 /* Default.png */ = {isa = PBXFileReference; lastKnownFileType = image.png; path = Default.png; sourceTree = "<group>"; };
		086853BD17D83DE8008290D9 /* Default@2x.png */ = {isa = PBXFileReference; lastKnownFileType = image.png; path = "Default@2x.png"; sourceTree = "<group>"; };
		086853BF17D83DE8008290D9 /* Default-568h@2x.png */ = {isa = PBXFileReference; lastKnownFileType = image.png; path = "Default-568h@2x.png"; sourceTree = "<group>"; };
		086853C217D83DE8008290D9 /* en */ = {isa = PBXFileReference; lastKnownFileType = file.storyboard; name = en; path = en.lproj/MainStoryboard_iPhone.storyboard; sourceTree = "<group>"; };
		086853C717D83DE8008290D9 /* DemoViewController.h */ = {isa = PBXFileReference; lastKnownFileType = sourcecode.c.h; path = DemoViewController.h; sourceTree = "<group>"; };
		086853C817D83DE8008290D9 /* DemoViewController.m */ = {isa = PBXFileReference; lastKnownFileType = sourcecode.c.objc; path = DemoViewController.m; sourceTree = "<group>"; };
		086853D017D853D5008290D9 /* yahoo_logo.jpg */ = {isa = PBXFileReference; lastKnownFileType = image.jpeg; path = yahoo_logo.jpg; sourceTree = "<group>"; };
		086853D217D86430008290D9 /* MainStoryboard_iPad.storyboard */ = {isa = PBXFileReference; fileEncoding = 4; lastKnownFileType = file.storyboard; path = MainStoryboard_iPad.storyboard; sourceTree = "<group>"; };
/* End PBXFileReference section */

/* Begin PBXFrameworksBuildPhase section */
		086853A317D83DE8008290D9 /* Frameworks */ = {
			isa = PBXFrameworksBuildPhase;
			buildActionMask = 2147483647;
			files = (
				086853AA17D83DE8008290D9 /* UIKit.framework in Frameworks */,
				086853AC17D83DE8008290D9 /* Foundation.framework in Frameworks */,
				086853AE17D83DE8008290D9 /* CoreGraphics.framework in Frameworks */,
			);
			runOnlyForDeploymentPostprocessing = 0;
		};
/* End PBXFrameworksBuildPhase section */

/* Begin PBXGroup section */
		0868539D17D83DE7008290D9 = {
			isa = PBXGroup;
			children = (
				086853AF17D83DE8008290D9 /* Demo */,
				086853A817D83DE8008290D9 /* Frameworks */,
				086853A717D83DE8008290D9 /* Products */,
			);
			sourceTree = "<group>";
		};
		086853A717D83DE8008290D9 /* Products */ = {
			isa = PBXGroup;
			children = (
				086853A617D83DE8008290D9 /* Demo.app */,
			);
			name = Products;
			sourceTree = "<group>";
		};
		086853A817D83DE8008290D9 /* Frameworks */ = {
			isa = PBXGroup;
			children = (
				086853A917D83DE8008290D9 /* UIKit.framework */,
				086853AB17D83DE8008290D9 /* Foundation.framework */,
				086853AD17D83DE8008290D9 /* CoreGraphics.framework */,
			);
			name = Frameworks;
			sourceTree = "<group>";
		};
		086853AF17D83DE8008290D9 /* Demo */ = {
			isa = PBXGroup;
			children = (
				086853CF17D853D5008290D9 /* Assets */,
				086853B817D83DE8008290D9 /* DemoAppDelegate.h */,
				086853B917D83DE8008290D9 /* DemoAppDelegate.m */,
				086853C117D83DE8008290D9 /* MainStoryboard_iPhone.storyboard */,
				086853D217D86430008290D9 /* MainStoryboard_iPad.storyboard */,
				086853C717D83DE8008290D9 /* DemoViewController.h */,
				086853C817D83DE8008290D9 /* DemoViewController.m */,
				086853B017D83DE8008290D9 /* Supporting Files */,
			);
			path = Demo;
			sourceTree = "<group>";
		};
		086853B017D83DE8008290D9 /* Supporting Files */ = {
			isa = PBXGroup;
			children = (
				086853B117D83DE8008290D9 /* Demo-Info.plist */,
				086853B217D83DE8008290D9 /* InfoPlist.strings */,
				086853B517D83DE8008290D9 /* main.m */,
				086853B717D83DE8008290D9 /* Demo-Prefix.pch */,
				086853BB17D83DE8008290D9 /* Default.png */,
				086853BD17D83DE8008290D9 /* Default@2x.png */,
				086853BF17D83DE8008290D9 /* Default-568h@2x.png */,
			);
			name = "Supporting Files";
			sourceTree = "<group>";
		};
		086853CF17D853D5008290D9 /* Assets */ = {
			isa = PBXGroup;
			children = (
				086853D017D853D5008290D9 /* yahoo_logo.jpg */,
			);
			path = Assets;
			sourceTree = "<group>";
		};
/* End PBXGroup section */

/* Begin PBXNativeTarget section */
		086853A517D83DE8008290D9 /* Demo */ = {
			isa = PBXNativeTarget;
			buildConfigurationList = 086853CC17D83DE8008290D9 /* Build configuration list for PBXNativeTarget "Demo" */;
			buildPhases = (
				086853A217D83DE8008290D9 /* Sources */,
				086853A317D83DE8008290D9 /* Frameworks */,
				086853A417D83DE8008290D9 /* Resources */,
			);
			buildRules = (
			);
			dependencies = (
			);
			name = Demo;
			productName = Demo;
			productReference = 086853A617D83DE8008290D9 /* Demo.app */;
			productType = "com.apple.product-type.application";
		};
/* End PBXNativeTarget section */

/* Begin PBXProject section */
		0868539E17D83DE7008290D9 /* Project object */ = {
			isa = PBXProject;
			attributes = {
				CLASSPREFIX = Demo;
				LastUpgradeCheck = 0460;
				ORGANIZATIONNAME = "Jose Torres";
			};
			buildConfigurationList = 086853A117D83DE7008290D9 /* Build configuration list for PBXProject "Demo" */;
			compatibilityVersion = "Xcode 3.2";
			developmentRegion = English;
			hasScannedForEncodings = 0;
			knownRegions = (
				en,
			);
			mainGroup = 0868539D17D83DE7008290D9;
			productRefGroup = 086853A717D83DE8008290D9 /* Products */;
			projectDirPath = "";
			projectRoot = "";
			targets = (
				086853A517D83DE8008290D9 /* Demo */,
			);
		};
/* End PBXProject section */

/* Begin PBXResourcesBuildPhase section */
		086853A417D83DE8008290D9 /* Resources */ = {
			isa = PBXResourcesBuildPhase;
			buildActionMask = 2147483647;
			files = (
				086853B417D83DE8008290D9 /* InfoPlist.strings in Resources */,
				086853BC17D83DE8008290D9 /* Default.png in Resources */,
				086853BE17D83DE8008290D9 /* Default@2x.png in Resources */,
				086853C017D83DE8008290D9 /* Default-568h@2x.png in Resources */,
				086853C317D83DE8008290D9 /* MainStoryboard_iPhone.storyboard in Resources */,
				086853D117D853D5008290D9 /* yahoo_logo.jpg in Resources */,
				086853D317D86430008290D9 /* MainStoryboard_iPad.storyboard in Resources */,
			);
			runOnlyForDeploymentPostprocessing = 0;
		};
/* End PBXResourcesBuildPhase section */

/* Begin PBXSourcesBuildPhase section */
		086853A217D83DE8008290D9 /* Sources */ = {
			isa = PBXSourcesBuildPhase;
			buildActionMask = 2147483647;
			files = (
				086853B617D83DE8008290D9 /* main.m in Sources */,
				086853BA17D83DE8008290D9 /* DemoAppDelegate.m in Sources */,
				086853C917D83DE8008290D9 /* DemoViewController.m in Sources */,
			);
			runOnlyForDeploymentPostprocessing = 0;
		};
/* End PBXSourcesBuildPhase section */

/* Begin PBXVariantGroup section */
		086853B217D83DE8008290D9 /* InfoPlist.strings */ = {
			isa = PBXVariantGroup;
			children = (
				086853B317D83DE8008290D9 /* en */,
			);
			name = InfoPlist.strings;
			sourceTree = "<group>";
		};
		086853C117D83DE8008290D9 /* MainStoryboard_iPhone.storyboard */ = {
			isa = PBXVariantGroup;
			children = (
				086853C217D83DE8008290D9 /* en */,
			);
			name = MainStoryboard_iPhone.storyboard;
			sourceTree = "<group>";
		};
/* End PBXVariantGroup section */

/* Begin XCBuildConfiguration section */
		086853CA17D83DE8008290D9 /* Debug */ = {
			isa = XCBuildConfiguration;
			buildSettings = {
				ALWAYS_SEARCH_USER_PATHS = NO;
				CLANG_CXX_LANGUAGE_STANDARD = "gnu++0x";
				CLANG_CXX_LIBRARY = "libc++";
				CLANG_ENABLE_OBJC_ARC = YES;
				CLANG_WARN_CONSTANT_CONVERSION = YES;
				CLANG_WARN_EMPTY_BODY = YES;
				CLANG_WARN_ENUM_CONVERSION = YES;
				CLANG_WARN_INT_CONVERSION = YES;
				CLANG_WARN__DUPLICATE_METHOD_MATCH = YES;
				"CODE_SIGN_IDENTITY[sdk=iphoneos*]" = "iPhone Developer";
				COPY_PHASE_STRIP = NO;
				GCC_C_LANGUAGE_STANDARD = gnu99;
				GCC_DYNAMIC_NO_PIC = NO;
				GCC_OPTIMIZATION_LEVEL = 0;
				GCC_PREPROCESSOR_DEFINITIONS = (
					"DEBUG=1",
					"$(inherited)",
				);
				GCC_SYMBOLS_PRIVATE_EXTERN = NO;
				GCC_WARN_ABOUT_RETURN_TYPE = YES;
				GCC_WARN_UNINITIALIZED_AUTOS = YES;
				GCC_WARN_UNUSED_VARIABLE = YES;
				IPHONEOS_DEPLOYMENT_TARGET = 6.1;
				ONLY_ACTIVE_ARCH = YES;
				SDKROOT = iphoneos;
				TARGETED_DEVICE_FAMILY = "1,2";
			};
			name = Debug;
		};
		086853CB17D83DE8008290D9 /* Release */ = {
			isa = XCBuildConfiguration;
			buildSettings = {
				ALWAYS_SEARCH_USER_PATHS = NO;
				CLANG_CXX_LANGUAGE_STANDARD = "gnu++0x";
				CLANG_CXX_LIBRARY = "libc++";
				CLANG_ENABLE_OBJC_ARC = YES;
				CLANG_WARN_CONSTANT_CONVERSION = YES;
				CLANG_WARN_EMPTY_BODY = YES;
				CLANG_WARN_ENUM_CONVERSION = YES;
				CLANG_WARN_INT_CONVERSION = YES;
				CLANG_WARN__DUPLICATE_METHOD_MATCH = YES;
				"CODE_SIGN_IDENTITY[sdk=iphoneos*]" = "iPhone Developer";
				COPY_PHASE_STRIP = YES;
				GCC_C_LANGUAGE_STANDARD = gnu99;
				GCC_WARN_ABOUT_RETURN_TYPE = YES;
				GCC_WARN_UNINITIALIZED_AUTOS = YES;
				GCC_WARN_UNUSED_VARIABLE = YES;
				IPHONEOS_DEPLOYMENT_TARGET = 6.1;
				OTHER_CFLAGS = "-DNS_BLOCK_ASSERTIONS=1";
				SDKROOT = iphoneos;
				TARGETED_DEVICE_FAMILY = "1,2";
				VALIDATE_PRODUCT = YES;
			};
			name = Release;
		};
		086853CD17D83DE8008290D9 /* Debug */ = {
			isa = XCBuildConfiguration;
			buildSettings = {
				GCC_PRECOMPILE_PREFIX_HEADER = YES;
				GCC_PREFIX_HEADER = "Demo/Demo-Prefix.pch";
				INFOPLIST_FILE = "Demo/Demo-Info.plist";
				PRODUCT_NAME = "$(TARGET_NAME)";
				WRAPPER_EXTENSION = app;
			};
			name = Debug;
		};
		086853CE17D83DE8008290D9 /* Release */ = {
			isa = XCBuildConfiguration;
			buildSettings = {
				GCC_PRECOMPILE_PREFIX_HEADER = YES;
				GCC_PREFIX_HEADER = "Demo/Demo-Prefix.pch";
				INFOPLIST_FILE = "Demo/Demo-Info.plist";
				PRODUCT_NAME = "$(TARGET_NAME)";
				WRAPPER_EXTENSION = app;
			};
			name = Release;
		};
/* End XCBuildConfiguration section */

/* Begin XCConfigurationList section */
		086853A117D83DE7008290D9 /* Build configuration list for PBXProject "Demo" */ = {
			isa = XCConfigurationList;
			buildConfigurations = (
				086853CA17D83DE8008290D9 /* Debug */,
				086853CB17D83DE8008290D9 /* Release */,
			);
			defaultConfigurationIsVisible = 0;
			defaultConfigurationName = Release;
		};
		086853CC17D83DE8008290D9 /* Build configuration list for PBXNativeTarget "Demo" */ = {
			isa = XCConfigurationList;
			buildConfigurations = (
				086853CD17D83DE8008290D9 /* Debug */,
				086853CE17D83DE8008290D9 /* Release */,
			);
			defaultConfigurationIsVisible = 0;
		};
/* End XCConfigurationList section */
	};
	rootObject = 0868539E17D83DE7008290D9 /* Project object */;
}
